
Microsoft Visual Studio Solution File, Format Version 12.00
# Visual Studio Version 16
VisualStudioVersion = 16.0.30204.135
MinimumVisualStudioVersion = 10.0.40219.1
Project("{9A19103F-16F7-4668-BE54-9A1E7A4F7556}") = "SocketERTramas", "SocketERTramas.csproj", "{80AF6970-7DF3-4369-8728-F1B7145B2424}"
EndProject
Global
	GlobalSection(SolutionConfigurationPlatforms) = preSolution
		Debug|Any CPU = Debug|Any CPU
		Release|Any CPU = Release|Any CPU
	EndGlobalSection
	GlobalSection(ProjectConfigurationPlatforms) = postSolution
		{80AF6970-7DF3-4369-8728-F1B7145B2424}.Debug|Any CPU.ActiveCfg = Debug|Any CPU
		{80AF6970-7DF3-4369-8728-F1B7145B2424}.Debug|Any CPU.Build.0 = Debug|Any CPU
		{80AF6970-7DF3-4369-8728-F1B7145B2424}.Release|Any CPU.ActiveCfg = Release|Any CPU
		{80AF6970-7DF3-4369-8728-F1B7145B2424}.Release|Any CPU.Build.0 = Release|Any CPU
	EndGlobalSection
	GlobalSection(SolutionProperties) = preSolution
		HideSolutionNode = FALSE
	EndGlobalSection
	GlobalSection(ExtensibilityGlobals) = postSolution
		SolutionGuid = {55C91DF5-0FC9-43C7-9AED-7B37ADE56259}
	EndGlobalSection
EndGlobal
